<?xml version="1.0" encoding="utf-8"?>
<Project ToolsVersion="4.0" xmlns="http://schemas.microsoft.com/developer/msbuild/2003">
  <ItemGroup>
    <Filter Include="Source Files">
      <UniqueIdentifier>{4FC737F1-C7A5-4376-A066-2A32D752A2FF}</UniqueIdentifier>
      <Extensions>cpp;c;cc;cxx;c++;cppm;ixx;def;odl;idl;hpj;bat;asm;asmx</Extensions>
    </Filter>
    <Filter Include="Header Files">
      <UniqueIdentifier>{93995380-89BD-4b04-88EB-625FBE52EBFB}</UniqueIdentifier>
      <Extensions>h;hh;hpp;hxx;h++;hm;inl;inc;ipp;xsd</Extensions>
    </Filter>
    <Filter Include="Resource Files">
      <UniqueIdentifier>{67DA6AB6-F800-4c08-8B7A-83BB121AAD01}</UniqueIdentifier>
      <Extensions>rc;ico;cur;bmp;dlg;rc2;rct;bin;rgs;gif;jpg;jpeg;jpe;resx;tiff;tif;png;wav;mfcribbon-ms</Extensions>
    </Filter>
    <Filter Include="Source Files\features">
      <UniqueIdentifier>{a924cc32-cd34-406c-8825-2cf5406bc6cf}</UniqueIdentifier>
    </Filter>
    <Filter Include="Source Files\hooks">
      <UniqueIdentifier>{cfe9d6a0-6c13-4b49-a243-526825312947}</UniqueIdentifier>
    </Filter>
    <Filter Include="Source Files\globals">
      <UniqueIdentifier>{4d750a76-b231-4296-b54b-68a0cc3f4ed1}</UniqueIdentifier>
    </Filter>
    <Filter Include="Source Files\hooks\memory">
      <UniqueIdentifier>{079d2c7c-b8fc-439f-b2d4-f921e678323e}</UniqueIdentifier>
    </Filter>
    <Filter Include="Source Files\hooks\invoker">
      <UniqueIdentifier>{2dc4a228-ffa5-49ff-b92e-78a58b8e7f53}</UniqueIdentifier>
    </Filter>
    <Filter Include="Source Files\ui">
      <UniqueIdentifier>{0816618b-6614-48b1-996d-4f07d3bbe801}</UniqueIdentifier>
    </Filter>
    <Filter Include="Source Files\menu">
      <UniqueIdentifier>{f7e985ba-c9f9-4a7a-b0b8-fb48f0ba1fa0}</UniqueIdentifier>
    </Filter>
  </ItemGroup>
  <ItemGroup>
    <ClCompile Include="dllmain.cpp">
      <Filter>Source Files</Filter>
    </ClCompile>
    <ClCompile Include="hooks.cpp">
      <Filter>Source Files\hooks</Filter>
    </ClCompile>
    <ClCompile Include="Features.cpp">
      <Filter>Source Files\features</Filter>
    </ClCompile>
    <ClCompile Include="UI.cpp">
      <Filter>Source Files\ui</Filter>
    </ClCompile>
    <ClCompile Include="menu.cpp">
      <Filter>Source Files\menu</Filter>
    </ClCompile>
    <ClCompile Include="globals.cpp">
      <Filter>Source Files\globals</Filter>
    </ClCompile>
  </ItemGroup>
  <ItemGroup>
    <ClInclude Include="includes.h">
      <Filter>Header Files</Filter>
    </ClInclude>
    <ClInclude Include="hooks.h">
      <Filter>Source Files\hooks</Filter>
    </ClInclude>
    <ClInclude Include="globals.h">
      <Filter>Source Files\globals</Filter>
    </ClInclude>
    <ClInclude Include="memory.h">
      <Filter>Source Files\hooks\memory</Filter>
    </ClInclude>
    <ClInclude Include="invoker.h">
      <Filter>Source Files\hooks\invoker</Filter>
    </ClInclude>
    <ClInclude Include="hashmap.h">
      <Filter>Source Files\hooks\invoker</Filter>
    </ClInclude>
    <ClInclude Include="natives.h">
      <Filter>Source Files\hooks\invoker</Filter>
    </ClInclude>
    <ClInclude Include="Features.h">
      <Filter>Source Files\features</Filter>
    </ClInclude>
    <ClInclude Include="UI.h">
      <Filter>Source Files\ui</Filter>
    </ClInclude>
    <ClInclude Include="menu.h">
      <Filter>Source Files\menu</Filter>
    </ClInclude>
  </ItemGroup>
</Project>